// !$*UTF8*$!
{
	archiveVersion = 1;
	classes = {
	};
	objectVersion = 46;
	objects = {

/* Begin PBXBuildFile section */
		FC4C33C31E4CCFB200986F67 /* AppDelegate.swift in Sources */ = {isa = PBXBuildFile; fileRef = FC4C33C21E4CCFB200986F67 /* AppDelegate.swift */; };
		FC4C33C51E4CCFB200986F67 /* ViewController.swift in Sources */ = {isa = PBXBuildFile; fileRef = FC4C33C41E4CCFB200986F67 /* ViewController.swift */; };
		FC4C33C81E4CCFB200986F67 /* Main.storyboard in Resources */ = {isa = PBXBuildFile; fileRef = FC4C33C61E4CCFB200986F67 /* Main.storyboard */; };
		FC4C33CA1E4CCFB200986F67 /* Assets.xcassets in Resources */ = {isa = PBXBuildFile; fileRef = FC4C33C91E4CCFB200986F67 /* Assets.xcassets */; };
		FC4C33CD1E4CCFB200986F67 /* LaunchScreen.storyboard in Resources */ = {isa = PBXBuildFile; fileRef = FC4C33CB1E4CCFB200986F67 /* LaunchScreen.storyboard */; };
/* End PBXBuildFile section */

/* Begin PBXFileReference section */
		FC4C33BF1E4CCFB200986F67 /* Parse Foursquare Clone.app */ = {isa = PBXFileReference; explicitFileType = wrapper.application; includeInIndex = 0; path = "Parse Foursquare Clone.app"; sourceTree = BUILT_PRODUCTS_DIR; };
		FC4C33C21E4CCFB200986F67 /* AppDelegate.swift */ = {isa = PBXFileReference; lastKnownFileType = sourcecode.swift; path = AppDelegate.swift; sourceTree = "<group>"; };
		FC4C33C41E4CCFB200986F67 /* ViewController.swift */ = {isa = PBXFileReference; lastKnownFileType = sourcecode.swift; path = ViewController.swift; sourceTree = "<group>"; };
		FC4C33C71E4CCFB200986F67 /* Base */ = {isa = PBXFileReference; lastKnownFileType = file.storyboard; name = Base; path = Base.lproj/Main.storyboard; sourceTree = "<group>"; };
		FC4C33C91E4CCFB200986F67 /* Assets.xcassets */ = {isa = PBXFileReference; lastKnownFileType = folder.assetcatalog; path = Assets.xcassets; sourceTree = "<group>"; };
		FC4C33CC1E4CCFB200986F67 /* Base */ = {isa = PBXFileReference; lastKnownFileType = file.storyboard; name = Base; path = Base.lproj/LaunchScreen.storyboard; sourceTree = "<group>"; };
		FC4C33CE1E4CCFB200986F67 /* Info.plist */ = {isa = PBXFileReference; lastKnownFileType = text.plist.xml; path = Info.plist; sourceTree = "<group>"; };
/* End PBXFileReference section */

/* Begin PBXFrameworksBuildPhase section */
		FC4C33BC1E4CCFB200986F67 /* Frameworks */ = {
			isa = PBXFrameworksBuildPhase;
			buildActionMask = 2147483647;
			files = (
			);
			runOnlyForDeploymentPostprocessing = 0;
		};
/* End PBXFrameworksBuildPhase section */

/* Begin PBXGroup section */
		FC4C33B61E4CCFB200986F67 = {
			isa = PBXGroup;
			children = (
				FC4C33C11E4CCFB200986F67 /* Parse Foursquare Clone */,
				FC4C33C01E4CCFB200986F67 /* Products */,
			);
			sourceTree = "<group>";
		};
		FC4C33C01E4CCFB200986F67 /* Products */ = {
			isa = PBXGroup;
			children = (
				FC4C33BF1E4CCFB200986F67 /* Parse Foursquare Clone.app */,
			);
			name = Products;
			sourceTree = "<group>";
		};
		FC4C33C11E4CCFB200986F67 /* Parse Foursquare Clone */ = {
			isa = PBXGroup;
			children = (
				FC4C33C21E4CCFB200986F67 /* AppDelegate.swift */,
				FC4C33C41E4CCFB200986F67 /* ViewController.swift */,
				FC4C33C61E4CCFB200986F67 /* Main.storyboard */,
				FC4C33C91E4CCFB200986F67 /* Assets.xcassets */,
				FC4C33CB1E4CCFB200986F67 /* LaunchScreen.storyboard */,
				FC4C33CE1E4CCFB200986F67 /* Info.plist */,
			);
			path = "Parse Foursquare Clone";
			sourceTree = "<group>";
		};
/* End PBXGroup section */

/* Begin PBXNativeTarget section */
		FC4C33BE1E4CCFB200986F67 /* Parse Foursquare Clone */ = {
			isa = PBXNativeTarget;
			buildConfigurationList = FC4C33D11E4CCFB200986F67 /* Build configuration list for PBXNativeTarget "Parse Foursquare Clone" */;
			buildPhases = (
				FC4C33BB1E4CCFB200986F67 /* Sources */,
				FC4C33BC1E4CCFB200986F67 /* Frameworks */,
				FC4C33BD1E4CCFB200986F67 /* Resources */,
			);
			buildRules = (
			);
			dependencies = (
			);
			name = "Parse Foursquare Clone";
			productName = "Parse Foursquare Clone";
			productReference = FC4C33BF1E4CCFB200986F67 /* Parse Foursquare Clone.app */;
			productType = "com.apple.product-type.application";
		};
/* End PBXNativeTarget section */

/* Begin PBXProject section */
		FC4C33B71E4CCFB200986F67 /* Project object */ = {
			isa = PBXProject;
			attributes = {
				LastSwiftUpdateCheck = 0820;
				LastUpgradeCheck = 0820;
				ORGANIZATIONNAME = "Atıl Samancıoğlu";
				TargetAttributes = {
					FC4C33BE1E4CCFB200986F67 = {
						CreatedOnToolsVersion = 8.2.1;
						DevelopmentTeam = 7SH627DBA4;
						ProvisioningStyle = Automatic;
					};
				};
			};
			buildConfigurationList = FC4C33BA1E4CCFB200986F67 /* Build configuration list for PBXProject "Parse Foursquare Clone" */;
			compatibilityVersion = "Xcode 3.2";
			developmentRegion = English;
			hasScannedForEncodings = 0;
			knownRegions = (
				en,
				Base,
			);
			mainGroup = FC4C33B61E4CCFB200986F67;
			productRefGroup = FC4C33C01E4CCFB200986F67 /* Products */;
			projectDirPath = "";
			projectRoot = "";
			targets = (
				FC4C33BE1E4CCFB200986F67 /* Parse Foursquare Clone */,
			);
		};
/* End PBXProject section */

/* Begin PBXResourcesBuildPhase section */
		FC4C33BD1E4CCFB200986F67 /* Resources */ = {
			isa = PBXResourcesBuildPhase;
			buildActionMask = 2147483647;
			files = (
				FC4C33CD1E4CCFB200986F67 /* LaunchScreen.storyboard in Resources */,
				FC4C33CA1E4CCFB200986F67 /* Assets.xcassets in Resources */,
				FC4C33C81E4CCFB200986F67 /* Main.storyboard in Resources */,
			);
			runOnlyForDeploymentPostprocessing = 0;
		};
/* End PBXResourcesBuildPhase section */

/* Begin PBXSourcesBuildPhase section */
		FC4C33BB1E4CCFB200986F67 /* Sources */ = {
			isa = PBXSourcesBuildPhase;
			buildActionMask = 2147483647;
			files = (
				FC4C33C51E4CCFB200986F67 /* ViewController.swift in Sources */,
				FC4C33C31E4CCFB200986F67 /* AppDelegate.swift in Sources */,
			);
			runOnlyForDeploymentPostprocessing = 0;
		};
/* End PBXSourcesBuildPhase section */

/* Begin PBXVariantGroup section */
		FC4C33C61E4CCFB200986F67 /* Main.storyboard */ = {
			isa = PBXVariantGroup;
			children = (
				FC4C33C71E4CCFB200986F67 /* Base */,
			);
			name = Main.storyboard;
			sourceTree = "<group>";
		};
		FC4C33CB1E4CCFB200986F67 /* LaunchScreen.storyboard */ = {
			isa = PBXVariantGroup;
			children = (
				FC4C33CC1E4CCFB200986F67 /* Base */,
			);
			name = LaunchScreen.storyboard;
			sourceTree = "<group>";
		};
/* End PBXVariantGroup section */

/* Begin XCBuildConfiguration section */
		FC4C33CF1E4CCFB200986F67 /* Debug */ = {
			isa = XCBuildConfiguration;
			buildSettings = {
				ALWAYS_SEARCH_USER_PATHS = NO;
				CLANG_ANALYZER_NONNULL = YES;
				CLANG_CXX_LANGUAGE_STANDARD = "gnu++0x";
				CLANG_CXX_LIBRARY = "libc++";
				CLANG_ENABLE_MODULES = YES;
				CLANG_ENABLE_OBJC_ARC = YES;
				CLANG_WARN_BOOL_CONVERSION = YES;
				CLANG_WARN_CONSTANT_CONVERSION = YES;
				CLANG_WARN_DIRECT_OBJC_ISA_USAGE = YES_ERROR;
				CLANG_WARN_DOCUMENTATION_COMMENTS = YES;
				CLANG_WARN_EMPTY_BODY = YES;
				CLANG_WARN_ENUM_CONVERSION = YES;
				CLANG_WARN_INFINITE_RECURSION = YES;
				CLANG_WARN_INT_CONVERSION = YES;
				CLANG_WARN_OBJC_ROOT_CLASS = YES_ERROR;
				CLANG_WARN_SUSPICIOUS_MOVE = YES;
				CLANG_WARN_UNREACHABLE_CODE = YES;
				CLANG_WARN__DUPLICATE_METHOD_MATCH = YES;
				"CODE_SIGN_IDENTITY[sdk=iphoneos*]" = "iPhone Developer";
				COPY_PHASE_STRIP = NO;
				DEBUG_INFORMATION_FORMAT = dwarf;
				ENABLE_STRICT_OBJC_MSGSEND = YES;
				ENABLE_TESTABILITY = YES;
				GCC_C_LANGUAGE_STANDARD = gnu99;
				GCC_DYNAMIC_NO_PIC = NO;
				GCC_NO_COMMON_BLOCKS = YES;
				GCC_OPTIMIZATION_LEVEL = 0;
				GCC_PREPROCESSOR_DEFINITIONS = (
					"DEBUG=1",
					"$(inherited)",
				);
				GCC_WARN_64_TO_32_BIT_CONVERSION = YES;
				GCC_WARN_ABOUT_RETURN_TYPE = YES_ERROR;
				GCC_WARN_UNDECLARED_SELECTOR = YES;
				GCC_WARN_UNINITIALIZED_AUTOS = YES_AGGRESSIVE;
				GCC_WARN_UNUSED_FUNCTION = YES;
				GCC_WARN_UNUSED_VARIABLE = YES;
				IPHONEOS_DEPLOYMENT_TARGET = 10.2;
				MTL_ENABLE_DEBUG_INFO = YES;
				ONLY_ACTIVE_ARCH = YES;
				SDKROOT = iphoneos;
				SWIFT_ACTIVE_COMPILATION_CONDITIONS = DEBUG;
				SWIFT_OPTIMIZATION_LEVEL = "-Onone";
				TARGETED_DEVICE_FAMILY = "1,2";
			};
			name = Debug;
		};
		FC4C33D01E4CCFB200986F67 /* Release */ = {
			isa = XCBuildConfiguration;
			buildSettings = {
				ALWAYS_SEARCH_USER_PATHS = NO;
				CLANG_ANALYZER_NONNULL = YES;
				CLANG_CXX_LANGUAGE_STANDARD = "gnu++0x";
				CLANG_CXX_LIBRARY = "libc++";
				CLANG_ENABLE_MODULES = YES;
				CLANG_ENABLE_OBJC_ARC = YES;
				CLANG_WARN_BOOL_CONVERSION = YES;
				CLANG_WARN_CONSTANT_CONVERSION = YES;
				CLANG_WARN_DIRECT_OBJC_ISA_USAGE = YES_ERROR;
				CLANG_WARN_DOCUMENTATION_COMMENTS = YES;
				CLANG_WARN_EMPTY_BODY = YES;
				CLANG_WARN_ENUM_CONVERSION = YES;
				CLANG_WARN_INFINITE_RECURSION = YES;
				CLANG_WARN_INT_CONVERSION = YES;
				CLANG_WARN_OBJC_ROOT_CLASS = YES_ERROR;
				CLANG_WARN_SUSPICIOUS_MOVE = YES;
				CLANG_WARN_UNREACHABLE_CODE = YES;
				CLANG_WARN__DUPLICATE_METHOD_MATCH = YES;
				"CODE_SIGN_IDENTITY[sdk=iphoneos*]" = "iPhone Developer";
				COPY_PHASE_STRIP = NO;
				DEBUG_INFORMATION_FORMAT = "dwarf-with-dsym";
				ENABLE_NS_ASSERTIONS = NO;
				ENABLE_STRICT_OBJC_MSGSEND = YES;
				GCC_C_LANGUAGE_STANDARD = gnu99;
				GCC_NO_COMMON_BLOCKS = YES;
				GCC_WARN_64_TO_32_BIT_CONVERSION = YES;
				GCC_WARN_ABOUT_RETURN_TYPE = YES_ERROR;
				GCC_WARN_UNDECLARED_SELECTOR = YES;
				GCC_WARN_UNINITIALIZED_AUTOS = YES_AGGRESSIVE;
				GCC_WARN_UNUSED_FUNCTION = YES;
				GCC_WARN_UNUSED_VARIABLE = YES;
				IPHONEOS_DEPLOYMENT_TARGET = 10.2;
				MTL_ENABLE_DEBUG_INFO = NO;
				SDKROOT = iphoneos;
				SWIFT_OPTIMIZATION_LEVEL = "-Owholemodule";
				TARGETED_DEVICE_FAMILY = "1,2";
				VALIDATE_PRODUCT = YES;
			};
			name = Release;
		};
		FC4C33D21E4CCFB200986F67 /* Debug */ = {
			isa = XCBuildConfiguration;
			buildSettings = {
				ASSETCATALOG_COMPILER_APPICON_NAME = AppIcon;
				DEVELOPMENT_TEAM = 7SH627DBA4;
				INFOPLIST_FILE = "Parse Foursquare Clone/Info.plist";
				LD_RUNPATH_SEARCH_PATHS = "$(inherited) @executable_path/Frameworks";
				PRODUCT_BUNDLE_IDENTIFIER = "com.atilsamancioglu.Parse-Foursquare-Clone";
				PRODUCT_NAME = "$(TARGET_NAME)";
				SWIFT_VERSION = 3.0;
			};
			name = Debug;
		};
		FC4C33D31E4CCFB200986F67 /* Release */ = {
			isa = XCBuildConfiguration;
			buildSettings = {
				ASSETCATALOG_COMPILER_APPICON_NAME = AppIcon;
				DEVELOPMENT_TEAM = 7SH627DBA4;
				INFOPLIST_FILE = "Parse Foursquare Clone/Info.plist";
				LD_RUNPATH_SEARCH_PATHS = "$(inherited) @executable_path/Frameworks";
				PRODUCT_BUNDLE_IDENTIFIER = "com.atilsamancioglu.Parse-Foursquare-Clone";
				PRODUCT_NAME = "$(TARGET_NAME)";
				SWIFT_VERSION = 3.0;
			};
			name = Release;
		};
/* End XCBuildConfiguration section */

/* Begin XCConfigurationList section */
		FC4C33BA1E4CCFB200986F67 /* Build configuration list for PBXProject "Parse Foursquare Clone" */ = {
			isa = XCConfigurationList;
			buildConfigurations = (
				FC4C33CF1E4CCFB200986F67 /* Debug */,
				FC4C33D01E4CCFB200986F67 /* Release */,
			);
			defaultConfigurationIsVisible = 0;
			defaultConfigurationName = Release;
		};
		FC4C33D11E4CCFB200986F67 /* Build configuration list for PBXNativeTarget "Parse Foursquare Clone" */ = {
			isa = XCConfigurationList;
			buildConfigurations = (
				FC4C33D21E4CCFB200986F67 /* Debug */,
				FC4C33D31E4CCFB200986F67 /* Release */,
			);
			defaultConfigurationIsVisible = 0;
		};
/* End XCConfigurationList section */
	};
	rootObject = FC4C33B71E4CCFB200986F67 /* Project object */;
}
